// !$*UTF8*$!
{
	archiveVersion = 1;
	classes = {
	};
	objectVersion = 46;
	objects = {

/* Begin PBXBuildFile section */
		185C77971D210B890043B928 /* MyCustomViewBaseTextField.m in Sources */ = {isa = PBXBuildFile; fileRef = 185C77961D210B890043B928 /* MyCustomViewBaseTextField.m */; };
		185C779A1D210C850043B928 /* BaseViewController.m in Sources */ = {isa = PBXBuildFile; fileRef = 185C77991D210C850043B928 /* BaseViewController.m */; };
		18D161C11D1CE127007D7F68 /* main.m in Sources */ = {isa = PBXBuildFile; fileRef = 18D161C01D1CE127007D7F68 /* main.m */; };
		18D161C41D1CE127007D7F68 /* AppDelegate.m in Sources */ = {isa = PBXBuildFile; fileRef = 18D161C31D1CE127007D7F68 /* AppDelegate.m */; };
		18D161C71D1CE127007D7F68 /* ViewController.m in Sources */ = {isa = PBXBuildFile; fileRef = 18D161C61D1CE127007D7F68 /* ViewController.m */; };
		18D161CA1D1CE127007D7F68 /* Main.storyboard in Resources */ = {isa = PBXBuildFile; fileRef = 18D161C81D1CE127007D7F68 /* Main.storyboard */; };
		18D161CC1D1CE127007D7F68 /* Assets.xcassets in Resources */ = {isa = PBXBuildFile; fileRef = 18D161CB1D1CE127007D7F68 /* Assets.xcassets */; };
		18D161CF1D1CE127007D7F68 /* LaunchScreen.storyboard in Resources */ = {isa = PBXBuildFile; fileRef = 18D161CD1D1CE127007D7F68 /* LaunchScreen.storyboard */; };
		18D161DA1D1CE127007D7F68 /* TestVisualFormatALLTests.m in Sources */ = {isa = PBXBuildFile; fileRef = 18D161D91D1CE127007D7F68 /* TestVisualFormatALLTests.m */; };
		18D161E51D1CE127007D7F68 /* TestVisualFormatALLUITests.m in Sources */ = {isa = PBXBuildFile; fileRef = 18D161E41D1CE127007D7F68 /* TestVisualFormatALLUITests.m */; };
/* End PBXBuildFile section */

/* Begin PBXContainerItemProxy section */
		18D161D61D1CE127007D7F68 /* PBXContainerItemProxy */ = {
			isa = PBXContainerItemProxy;
			containerPortal = 18D161B41D1CE127007D7F68 /* Project object */;
			proxyType = 1;
			remoteGlobalIDString = 18D161BB1D1CE127007D7F68;
			remoteInfo = TestVisualFormatALL;
		};
		18D161E11D1CE127007D7F68 /* PBXContainerItemProxy */ = {
			isa = PBXContainerItemProxy;
			containerPortal = 18D161B41D1CE127007D7F68 /* Project object */;
			proxyType = 1;
			remoteGlobalIDString = 18D161BB1D1CE127007D7F68;
			remoteInfo = TestVisualFormatALL;
		};
/* End PBXContainerItemProxy section */

/* Begin PBXFileReference section */
		185C77951D210B890043B928 /* MyCustomViewBaseTextField.h */ = {isa = PBXFileReference; fileEncoding = 4; lastKnownFileType = sourcecode.c.h; path = MyCustomViewBaseTextField.h; sourceTree = "<group>"; };
		185C77961D210B890043B928 /* MyCustomViewBaseTextField.m */ = {isa = PBXFileReference; fileEncoding = 4; lastKnownFileType = sourcecode.c.objc; path = MyCustomViewBaseTextField.m; sourceTree = "<group>"; };
		185C77981D210C850043B928 /* BaseViewController.h */ = {isa = PBXFileReference; fileEncoding = 4; lastKnownFileType = sourcecode.c.h; path = BaseViewController.h; sourceTree = "<group>"; };
		185C77991D210C850043B928 /* BaseViewController.m */ = {isa = PBXFileReference; fileEncoding = 4; lastKnownFileType = sourcecode.c.objc; path = BaseViewController.m; sourceTree = "<group>"; };
		18D161BC1D1CE127007D7F68 /* TestVisualFormatALL.app */ = {isa = PBXFileReference; explicitFileType = wrapper.application; includeInIndex = 0; path = TestVisualFormatALL.app; sourceTree = BUILT_PRODUCTS_DIR; };
		18D161C01D1CE127007D7F68 /* main.m */ = {isa = PBXFileReference; lastKnownFileType = sourcecode.c.objc; path = main.m; sourceTree = "<group>"; };
		18D161C21D1CE127007D7F68 /* AppDelegate.h */ = {isa = PBXFileReference; lastKnownFileType = sourcecode.c.h; path = AppDelegate.h; sourceTree = "<group>"; };
		18D161C31D1CE127007D7F68 /* AppDelegate.m */ = {isa = PBXFileReference; lastKnownFileType = sourcecode.c.objc; path = AppDelegate.m; sourceTree = "<group>"; };
		18D161C51D1CE127007D7F68 /* ViewController.h */ = {isa = PBXFileReference; lastKnownFileType = sourcecode.c.h; path = ViewController.h; sourceTree = "<group>"; };
		18D161C61D1CE127007D7F68 /* ViewController.m */ = {isa = PBXFileReference; lastKnownFileType = sourcecode.c.objc; path = ViewController.m; sourceTree = "<group>"; };
		18D161C91D1CE127007D7F68 /* Base */ = {isa = PBXFileReference; lastKnownFileType = file.storyboard; name = Base; path = Base.lproj/Main.storyboard; sourceTree = "<group>"; };
		18D161CB1D1CE127007D7F68 /* Assets.xcassets */ = {isa = PBXFileReference; lastKnownFileType = folder.assetcatalog; path = Assets.xcassets; sourceTree = "<group>"; };
		18D161CE1D1CE127007D7F68 /* Base */ = {isa = PBXFileReference; lastKnownFileType = file.storyboard; name = Base; path = Base.lproj/LaunchScreen.storyboard; sourceTree = "<group>"; };
		18D161D01D1CE127007D7F68 /* Info.plist */ = {isa = PBXFileReference; lastKnownFileType = text.plist.xml; path = Info.plist; sourceTree = "<group>"; };
		18D161D51D1CE127007D7F68 /* TestVisualFormatALLTests.xctest */ = {isa = PBXFileReference; explicitFileType = wrapper.cfbundle; includeInIndex = 0; path = TestVisualFormatALLTests.xctest; sourceTree = BUILT_PRODUCTS_DIR; };
		18D161D91D1CE127007D7F68 /* TestVisualFormatALLTests.m */ = {isa = PBXFileReference; lastKnownFileType = sourcecode.c.objc; path = TestVisualFormatALLTests.m; sourceTree = "<group>"; };
		18D161DB1D1CE127007D7F68 /* Info.plist */ = {isa = PBXFileReference; lastKnownFileType = text.plist.xml; path = Info.plist; sourceTree = "<group>"; };
		18D161E01D1CE127007D7F68 /* TestVisualFormatALLUITests.xctest */ = {isa = PBXFileReference; explicitFileType = wrapper.cfbundle; includeInIndex = 0; path = TestVisualFormatALLUITests.xctest; sourceTree = BUILT_PRODUCTS_DIR; };
		18D161E41D1CE127007D7F68 /* TestVisualFormatALLUITests.m */ = {isa = PBXFileReference; lastKnownFileType = sourcecode.c.objc; path = TestVisualFormatALLUITests.m; sourceTree = "<group>"; };
		18D161E61D1CE127007D7F68 /* Info.plist */ = {isa = PBXFileReference; lastKnownFileType = text.plist.xml; path = Info.plist; sourceTree = "<group>"; };
/* End PBXFileReference section */

/* Begin PBXFrameworksBuildPhase section */
		18D161B91D1CE127007D7F68 /* Frameworks */ = {
			isa = PBXFrameworksBuildPhase;
			buildActionMask = 2147483647;
			files = (
			);
			runOnlyForDeploymentPostprocessing = 0;
		};
		18D161D21D1CE127007D7F68 /* Frameworks */ = {
			isa = PBXFrameworksBuildPhase;
			buildActionMask = 2147483647;
			files = (
			);
			runOnlyForDeploymentPostprocessing = 0;
		};
		18D161DD1D1CE127007D7F68 /* Frameworks */ = {
			isa = PBXFrameworksBuildPhase;
			buildActionMask = 2147483647;
			files = (
			);
			runOnlyForDeploymentPostprocessing = 0;
		};
/* End PBXFrameworksBuildPhase section */

/* Begin PBXGroup section */
		18D161B31D1CE127007D7F68 = {
			isa = PBXGroup;
			children = (
				18D161BE1D1CE127007D7F68 /* TestVisualFormatALL */,
				18D161D81D1CE127007D7F68 /* TestVisualFormatALLTests */,
				18D161E31D1CE127007D7F68 /* TestVisualFormatALLUITests */,
				18D161BD1D1CE127007D7F68 /* Products */,
			);
			sourceTree = "<group>";
		};
		18D161BD1D1CE127007D7F68 /* Products */ = {
			isa = PBXGroup;
			children = (
				18D161BC1D1CE127007D7F68 /* TestVisualFormatALL.app */,
				18D161D51D1CE127007D7F68 /* TestVisualFormatALLTests.xctest */,
				18D161E01D1CE127007D7F68 /* TestVisualFormatALLUITests.xctest */,
			);
			name = Products;
			sourceTree = "<group>";
		};
		18D161BE1D1CE127007D7F68 /* TestVisualFormatALL */ = {
			isa = PBXGroup;
			children = (
				185C77981D210C850043B928 /* BaseViewController.h */,
				185C77991D210C850043B928 /* BaseViewController.m */,
				18D161C21D1CE127007D7F68 /* AppDelegate.h */,
				18D161C31D1CE127007D7F68 /* AppDelegate.m */,
				185C77951D210B890043B928 /* MyCustomViewBaseTextField.h */,
				185C77961D210B890043B928 /* MyCustomViewBaseTextField.m */,
				18D161C51D1CE127007D7F68 /* ViewController.h */,
				18D161C61D1CE127007D7F68 /* ViewController.m */,
				18D161C81D1CE127007D7F68 /* Main.storyboard */,
				18D161CB1D1CE127007D7F68 /* Assets.xcassets */,
				18D161CD1D1CE127007D7F68 /* LaunchScreen.storyboard */,
				18D161D01D1CE127007D7F68 /* Info.plist */,
				18D161BF1D1CE127007D7F68 /* Supporting Files */,
			);
			path = TestVisualFormatALL;
			sourceTree = "<group>";
		};
		18D161BF1D1CE127007D7F68 /* Supporting Files */ = {
			isa = PBXGroup;
			children = (
				18D161C01D1CE127007D7F68 /* main.m */,
			);
			name = "Supporting Files";
			sourceTree = "<group>";
		};
		18D161D81D1CE127007D7F68 /* TestVisualFormatALLTests */ = {
			isa = PBXGroup;
			children = (
				18D161D91D1CE127007D7F68 /* TestVisualFormatALLTests.m */,
				18D161DB1D1CE127007D7F68 /* Info.plist */,
			);
			path = TestVisualFormatALLTests;
			sourceTree = "<group>";
		};
		18D161E31D1CE127007D7F68 /* TestVisualFormatALLUITests */ = {
			isa = PBXGroup;
			children = (
				18D161E41D1CE127007D7F68 /* TestVisualFormatALLUITests.m */,
				18D161E61D1CE127007D7F68 /* Info.plist */,
			);
			path = TestVisualFormatALLUITests;
			sourceTree = "<group>";
		};
/* End PBXGroup section */

/* Begin PBXNativeTarget section */
		18D161BB1D1CE127007D7F68 /* TestVisualFormatALL */ = {
			isa = PBXNativeTarget;
			buildConfigurationList = 18D161E91D1CE127007D7F68 /* Build configuration list for PBXNativeTarget "TestVisualFormatALL" */;
			buildPhases = (
				18D161B81D1CE127007D7F68 /* Sources */,
				18D161B91D1CE127007D7F68 /* Frameworks */,
				18D161BA1D1CE127007D7F68 /* Resources */,
			);
			buildRules = (
			);
			dependencies = (
			);
			name = TestVisualFormatALL;
			productName = TestVisualFormatALL;
			productReference = 18D161BC1D1CE127007D7F68 /* TestVisualFormatALL.app */;
			productType = "com.apple.product-type.application";
		};
		18D161D41D1CE127007D7F68 /* TestVisualFormatALLTests */ = {
			isa = PBXNativeTarget;
			buildConfigurationList = 18D161EC1D1CE127007D7F68 /* Build configuration list for PBXNativeTarget "TestVisualFormatALLTests" */;
			buildPhases = (
				18D161D11D1CE127007D7F68 /* Sources */,
				18D161D21D1CE127007D7F68 /* Frameworks */,
				18D161D31D1CE127007D7F68 /* Resources */,
			);
			buildRules = (
			);
			dependencies = (
				18D161D71D1CE127007D7F68 /* PBXTargetDependency */,
			);
			name = TestVisualFormatALLTests;
			productName = TestVisualFormatALLTests;
			productReference = 18D161D51D1CE127007D7F68 /* TestVisualFormatALLTests.xctest */;
			productType = "com.apple.product-type.bundle.unit-test";
		};
		18D161DF1D1CE127007D7F68 /* TestVisualFormatALLUITests */ = {
			isa = PBXNativeTarget;
			buildConfigurationList = 18D161EF1D1CE127007D7F68 /* Build configuration list for PBXNativeTarget "TestVisualFormatALLUITests" */;
			buildPhases = (
				18D161DC1D1CE127007D7F68 /* Sources */,
				18D161DD1D1CE127007D7F68 /* Frameworks */,
				18D161DE1D1CE127007D7F68 /* Resources */,
			);
			buildRules = (
			);
			dependencies = (
				18D161E21D1CE127007D7F68 /* PBXTargetDependency */,
			);
			name = TestVisualFormatALLUITests;
			productName = TestVisualFormatALLUITests;
			productReference = 18D161E01D1CE127007D7F68 /* TestVisualFormatALLUITests.xctest */;
			productType = "com.apple.product-type.bundle.ui-testing";
		};
/* End PBXNativeTarget section */

/* Begin PBXProject section */
		18D161B41D1CE127007D7F68 /* Project object */ = {
			isa = PBXProject;
			attributes = {
				LastUpgradeCheck = 0730;
				ORGANIZATIONNAME = "Bevis Chen";
				TargetAttributes = {
					18D161BB1D1CE127007D7F68 = {
						CreatedOnToolsVersion = 7.3.1;
					};
					18D161D41D1CE127007D7F68 = {
						CreatedOnToolsVersion = 7.3.1;
						TestTargetID = 18D161BB1D1CE127007D7F68;
					};
					18D161DF1D1CE127007D7F68 = {
						CreatedOnToolsVersion = 7.3.1;
						TestTargetID = 18D161BB1D1CE127007D7F68;
					};
				};
			};
			buildConfigurationList = 18D161B71D1CE127007D7F68 /* Build configuration list for PBXProject "TestVisualFormatALL" */;
			compatibilityVersion = "Xcode 3.2";
			developmentRegion = English;
			hasScannedForEncodings = 0;
			knownRegions = (
				en,
				Base,
			);
			mainGroup = 18D161B31D1CE127007D7F68;
			productRefGroup = 18D161BD1D1CE127007D7F68 /* Products */;
			projectDirPath = "";
			projectRoot = "";
			targets = (
				18D161BB1D1CE127007D7F68 /* TestVisualFormatALL */,
				18D161D41D1CE127007D7F68 /* TestVisualFormatALLTests */,
				18D161DF1D1CE127007D7F68 /* TestVisualFormatALLUITests */,
			);
		};
/* End PBXProject section */

/* Begin PBXResourcesBuildPhase section */
		18D161BA1D1CE127007D7F68 /* Resources */ = {
			isa = PBXResourcesBuildPhase;
			buildActionMask = 2147483647;
			files = (
				18D161CF1D1CE127007D7F68 /* LaunchScreen.storyboard in Resources */,
				18D161CC1D1CE127007D7F68 /* Assets.xcassets in Resources */,
				18D161CA1D1CE127007D7F68 /* Main.storyboard in Resources */,
			);
			runOnlyForDeploymentPostprocessing = 0;
		};
		18D161D31D1CE127007D7F68 /* Resources */ = {
			isa = PBXResourcesBuildPhase;
			buildActionMask = 2147483647;
			files = (
			);
			runOnlyForDeploymentPostprocessing = 0;
		};
		18D161DE1D1CE127007D7F68 /* Resources */ = {
			isa = PBXResourcesBuildPhase;
			buildActionMask = 2147483647;
			files = (
			);
			runOnlyForDeploymentPostprocessing = 0;
		};
/* End PBXResourcesBuildPhase section */

/* Begin PBXSourcesBuildPhase section */
		18D161B81D1CE127007D7F68 /* Sources */ = {
			isa = PBXSourcesBuildPhase;
			buildActionMask = 2147483647;
			files = (
				18D161C71D1CE127007D7F68 /* ViewController.m in Sources */,
				185C779A1D210C850043B928 /* BaseViewController.m in Sources */,
				18D161C41D1CE127007D7F68 /* AppDelegate.m in Sources */,
				185C77971D210B890043B928 /* MyCustomViewBaseTextField.m in Sources */,
				18D161C11D1CE127007D7F68 /* main.m in Sources */,
			);
			runOnlyForDeploymentPostprocessing = 0;
		};
		18D161D11D1CE127007D7F68 /* Sources */ = {
			isa = PBXSourcesBuildPhase;
			buildActionMask = 2147483647;
			files = (
				18D161DA1D1CE127007D7F68 /* TestVisualFormatALLTests.m in Sources */,
			);
			runOnlyForDeploymentPostprocessing = 0;
		};
		18D161DC1D1CE127007D7F68 /* Sources */ = {
			isa = PBXSourcesBuildPhase;
			buildActionMask = 2147483647;
			files = (
				18D161E51D1CE127007D7F68 /* TestVisualFormatALLUITests.m in Sources */,
			);
			runOnlyForDeploymentPostprocessing = 0;
		};
/* End PBXSourcesBuildPhase section */

/* Begin PBXTargetDependency section */
		18D161D71D1CE127007D7F68 /* PBXTargetDependency */ = {
			isa = PBXTargetDependency;
			target = 18D161BB1D1CE127007D7F68 /* TestVisualFormatALL */;
			targetProxy = 18D161D61D1CE127007D7F68 /* PBXContainerItemProxy */;
		};
		18D161E21D1CE127007D7F68 /* PBXTargetDependency */ = {
			isa = PBXTargetDependency;
			target = 18D161BB1D1CE127007D7F68 /* TestVisualFormatALL */;
			targetProxy = 18D161E11D1CE127007D7F68 /* PBXContainerItemProxy */;
		};
/* End PBXTargetDependency section */

/* Begin PBXVariantGroup section */
		18D161C81D1CE127007D7F68 /* Main.storyboard */ = {
			isa = PBXVariantGroup;
			children = (
				18D161C91D1CE127007D7F68 /* Base */,
			);
			name = Main.storyboard;
			sourceTree = "<group>";
		};
		18D161CD1D1CE127007D7F68 /* LaunchScreen.storyboard */ = {
			isa = PBXVariantGroup;
			children = (
				18D161CE1D1CE127007D7F68 /* Base */,
			);
			name = LaunchScreen.storyboard;
			sourceTree = "<group>";
		};
/* End PBXVariantGroup section */

/* Begin XCBuildConfiguration section */
		18D161E71D1CE127007D7F68 /* Debug */ = {
			isa = XCBuildConfiguration;
			buildSettings = {
				ALWAYS_SEARCH_USER_PATHS = NO;
				CLANG_ANALYZER_NONNULL = YES;
				CLANG_CXX_LANGUAGE_STANDARD = "gnu++0x";
				CLANG_CXX_LIBRARY = "libc++";
				CLANG_ENABLE_MODULES = YES;
				CLANG_ENABLE_OBJC_ARC = YES;
				CLANG_WARN_BOOL_CONVERSION = YES;
				CLANG_WARN_CONSTANT_CONVERSION = YES;
				CLANG_WARN_DIRECT_OBJC_ISA_USAGE = YES_ERROR;
				CLANG_WARN_EMPTY_BODY = YES;
				CLANG_WARN_ENUM_CONVERSION = YES;
				CLANG_WARN_INT_CONVERSION = YES;
				CLANG_WARN_OBJC_ROOT_CLASS = YES_ERROR;
				CLANG_WARN_UNREACHABLE_CODE = YES;
				CLANG_WARN__DUPLICATE_METHOD_MATCH = YES;
				"CODE_SIGN_IDENTITY[sdk=iphoneos*]" = "iPhone Developer";
				COPY_PHASE_STRIP = NO;
				DEBUG_INFORMATION_FORMAT = dwarf;
				ENABLE_STRICT_OBJC_MSGSEND = YES;
				ENABLE_TESTABILITY = YES;
				GCC_C_LANGUAGE_STANDARD = gnu99;
				GCC_DYNAMIC_NO_PIC = NO;
				GCC_NO_COMMON_BLOCKS = YES;
				GCC_OPTIMIZATION_LEVEL = 0;
				GCC_PREPROCESSOR_DEFINITIONS = (
					"DEBUG=1",
					"$(inherited)",
				);
				GCC_WARN_64_TO_32_BIT_CONVERSION = YES;
				GCC_WARN_ABOUT_RETURN_TYPE = YES_ERROR;
				GCC_WARN_UNDECLARED_SELECTOR = YES;
				GCC_WARN_UNINITIALIZED_AUTOS = YES_AGGRESSIVE;
				GCC_WARN_UNUSED_FUNCTION = YES;
				GCC_WARN_UNUSED_VARIABLE = YES;
				IPHONEOS_DEPLOYMENT_TARGET = 9.3;
				MTL_ENABLE_DEBUG_INFO = YES;
				ONLY_ACTIVE_ARCH = YES;
				SDKROOT = iphoneos;
				TARGETED_DEVICE_FAMILY = "1,2";
			};
			name = Debug;
		};
		18D161E81D1CE127007D7F68 /* Release */ = {
			isa = XCBuildConfiguration;
			buildSettings = {
				ALWAYS_SEARCH_USER_PATHS = NO;
				CLANG_ANALYZER_NONNULL = YES;
				CLANG_CXX_LANGUAGE_STANDARD = "gnu++0x";
				CLANG_CXX_LIBRARY = "libc++";
				CLANG_ENABLE_MODULES = YES;
				CLANG_ENABLE_OBJC_ARC = YES;
				CLANG_WARN_BOOL_CONVERSION = YES;
				CLANG_WARN_CONSTANT_CONVERSION = YES;
				CLANG_WARN_DIRECT_OBJC_ISA_USAGE = YES_ERROR;
				CLANG_WARN_EMPTY_BODY = YES;
				CLANG_WARN_ENUM_CONVERSION = YES;
				CLANG_WARN_INT_CONVERSION = YES;
				CLANG_WARN_OBJC_ROOT_CLASS = YES_ERROR;
				CLANG_WARN_UNREACHABLE_CODE = YES;
				CLANG_WARN__DUPLICATE_METHOD_MATCH = YES;
				"CODE_SIGN_IDENTITY[sdk=iphoneos*]" = "iPhone Developer";
				COPY_PHASE_STRIP = NO;
				DEBUG_INFORMATION_FORMAT = "dwarf-with-dsym";
				ENABLE_NS_ASSERTIONS = NO;
				ENABLE_STRICT_OBJC_MSGSEND = YES;
				GCC_C_LANGUAGE_STANDARD = gnu99;
				GCC_NO_COMMON_BLOCKS = YES;
				GCC_WARN_64_TO_32_BIT_CONVERSION = YES;
				GCC_WARN_ABOUT_RETURN_TYPE = YES_ERROR;
				GCC_WARN_UNDECLARED_SELECTOR = YES;
				GCC_WARN_UNINITIALIZED_AUTOS = YES_AGGRESSIVE;
				GCC_WARN_UNUSED_FUNCTION = YES;
				GCC_WARN_UNUSED_VARIABLE = YES;
				IPHONEOS_DEPLOYMENT_TARGET = 9.3;
				MTL_ENABLE_DEBUG_INFO = NO;
				SDKROOT = iphoneos;
				TARGETED_DEVICE_FAMILY = "1,2";
				VALIDATE_PRODUCT = YES;
			};
			name = Release;
		};
		18D161EA1D1CE127007D7F68 /* Debug */ = {
			isa = XCBuildConfiguration;
			buildSettings = {
				ASSETCATALOG_COMPILER_APPICON_NAME = AppIcon;
				INFOPLIST_FILE = TestVisualFormatALL/Info.plist;
				LD_RUNPATH_SEARCH_PATHS = "$(inherited) @executable_path/Frameworks";
				PRODUCT_BUNDLE_IDENTIFIER = ZhiGuan.TestVisualFormatALL;
				PRODUCT_NAME = "$(TARGET_NAME)";
			};
			name = Debug;
		};
		18D161EB1D1CE127007D7F68 /* Release */ = {
			isa = XCBuildConfiguration;
			buildSettings = {
				ASSETCATALOG_COMPILER_APPICON_NAME = AppIcon;
				INFOPLIST_FILE = TestVisualFormatALL/Info.plist;
				LD_RUNPATH_SEARCH_PATHS = "$(inherited) @executable_path/Frameworks";
				PRODUCT_BUNDLE_IDENTIFIER = ZhiGuan.TestVisualFormatALL;
				PRODUCT_NAME = "$(TARGET_NAME)";
			};
			name = Release;
		};
		18D161ED1D1CE127007D7F68 /* Debug */ = {
			isa = XCBuildConfiguration;
			buildSettings = {
				BUNDLE_LOADER = "$(TEST_HOST)";
				INFOPLIST_FILE = TestVisualFormatALLTests/Info.plist;
				LD_RUNPATH_SEARCH_PATHS = "$(inherited) @executable_path/Frameworks @loader_path/Frameworks";
				PRODUCT_BUNDLE_IDENTIFIER = ZhiGuan.TestVisualFormatALLTests;
				PRODUCT_NAME = "$(TARGET_NAME)";
				TEST_HOST = "$(BUILT_PRODUCTS_DIR)/TestVisualFormatALL.app/TestVisualFormatALL";
			};
			name = Debug;
		};
		18D161EE1D1CE127007D7F68 /* Release */ = {
			isa = XCBuildConfiguration;
			buildSettings = {
				BUNDLE_LOADER = "$(TEST_HOST)";
				INFOPLIST_FILE = TestVisualFormatALLTests/Info.plist;
				LD_RUNPATH_SEARCH_PATHS = "$(inherited) @executable_path/Frameworks @loader_path/Frameworks";
				PRODUCT_BUNDLE_IDENTIFIER = ZhiGuan.TestVisualFormatALLTests;
				PRODUCT_NAME = "$(TARGET_NAME)";
				TEST_HOST = "$(BUILT_PRODUCTS_DIR)/TestVisualFormatALL.app/TestVisualFormatALL";
			};
			name = Release;
		};
		18D161F01D1CE127007D7F68 /* Debug */ = {
			isa = XCBuildConfiguration;
			buildSettings = {
				INFOPLIST_FILE = TestVisualFormatALLUITests/Info.plist;
				LD_RUNPATH_SEARCH_PATHS = "$(inherited) @executable_path/Frameworks @loader_path/Frameworks";
				PRODUCT_BUNDLE_IDENTIFIER = ZhiGuan.TestVisualFormatALLUITests;
				PRODUCT_NAME = "$(TARGET_NAME)";
				TEST_TARGET_NAME = TestVisualFormatALL;
			};
			name = Debug;
		};
		18D161F11D1CE127007D7F68 /* Release */ = {
			isa = XCBuildConfiguration;
			buildSettings = {
				INFOPLIST_FILE = TestVisualFormatALLUITests/Info.plist;
				LD_RUNPATH_SEARCH_PATHS = "$(inherited) @executable_path/Frameworks @loader_path/Frameworks";
				PRODUCT_BUNDLE_IDENTIFIER = ZhiGuan.TestVisualFormatALLUITests;
				PRODUCT_NAME = "$(TARGET_NAME)";
				TEST_TARGET_NAME = TestVisualFormatALL;
			};
			name = Release;
		};
/* End XCBuildConfiguration section */

/* Begin XCConfigurationList section */
		18D161B71D1CE127007D7F68 /* Build configuration list for PBXProject "TestVisualFormatALL" */ = {
			isa = XCConfigurationList;
			buildConfigurations = (
				18D161E71D1CE127007D7F68 /* Debug */,
				18D161E81D1CE127007D7F68 /* Release */,
			);
			defaultConfigurationIsVisible = 0;
			defaultConfigurationName = Release;
		};
		18D161E91D1CE127007D7F68 /* Build configuration list for PBXNativeTarget "TestVisualFormatALL" */ = {
			isa = XCConfigurationList;
			buildConfigurations = (
				18D161EA1D1CE127007D7F68 /* Debug */,
				18D161EB1D1CE127007D7F68 /* Release */,
			);
			defaultConfigurationIsVisible = 0;
			defaultConfigurationName = Release;
		};
		18D161EC1D1CE127007D7F68 /* Build configuration list for PBXNativeTarget "TestVisualFormatALLTests" */ = {
			isa = XCConfigurationList;
			buildConfigurations = (
				18D161ED1D1CE127007D7F68 /* Debug */,
				18D161EE1D1CE127007D7F68 /* Release */,
			);
			defaultConfigurationIsVisible = 0;
			defaultConfigurationName = Release;
		};
		18D161EF1D1CE127007D7F68 /* Build configuration list for PBXNativeTarget "TestVisualFormatALLUITests" */ = {
			isa = XCConfigurationList;
			buildConfigurations = (
				18D161F01D1CE127007D7F68 /* Debug */,
				18D161F11D1CE127007D7F68 /* Release */,
			);
			defaultConfigurationIsVisible = 0;
			defaultConfigurationName = Release;
		};
/* End XCConfigurationList section */
	};
	rootObject = 18D161B41D1CE127007D7F68 /* Project object */;
}
